Microsoft Visual Studio Solution File, Format Version 12.00
# Visual Studio Version 17
VisualStudioVersion = 17.5.2.0
MinimumVisualStudioVersion = 10.0.40219.1
Project("{2150E333-8FDC-42A3-9474-1A3956D46DE8}") = "Back", "Back", "{11BF4459-C332-B9BD-164A-F44681F2EC0B}"
EndProject
Project("{2150E333-8FDC-42A3-9474-1A3956D46DE8}") = "src", "src", "{3CAF00EF-EEE8-D88D-9D7E-C9F39A564E3B}"
EndProject
Project("{FAE04EC0-301F-11D3-BF4B-00C04F79EFBC}") = "Projeto_Angular.API", "Back\src\Projeto_Angular.API\Projeto_Angular.API.csproj", "{3C85F9E1-6E23-5EB5-3415-AB5A46223B58}"
EndProject
Global
	GlobalSection(SolutionConfigurationPlatforms) = preSolution
		Debug|Any CPU = Debug|Any CPU
		Release|Any CPU = Release|Any CPU
	EndGlobalSection
	GlobalSection(ProjectConfigurationPlatforms) = postSolution
		{3C85F9E1-6E23-5EB5-3415-AB5A46223B58}.Debug|Any CPU.ActiveCfg = Debug|Any CPU
		{3C85F9E1-6E23-5EB5-3415-AB5A46223B58}.Debug|Any CPU.Build.0 = Debug|Any CPU
		{3C85F9E1-6E23-5EB5-3415-AB5A46223B58}.Release|Any CPU.ActiveCfg = Release|Any CPU
		{3C85F9E1-6E23-5EB5-3415-AB5A46223B58}.Release|Any CPU.Build.0 = Release|Any CPU
	EndGlobalSection
	GlobalSection(SolutionProperties) = preSolution
		HideSolutionNode = FALSE
	EndGlobalSection
	GlobalSection(NestedProjects) = preSolution
		{3CAF00EF-EEE8-D88D-9D7E-C9F39A564E3B} = {11BF4459-C332-B9BD-164A-F44681F2EC0B}
		{3C85F9E1-6E23-5EB5-3415-AB5A46223B58} = {3CAF00EF-EEE8-D88D-9D7E-C9F39A564E3B}
	EndGlobalSection
	GlobalSection(ExtensibilityGlobals) = postSolution
		SolutionGuid = {4FA3ECE5-56A6-4863-AC51-29C1CA58742C}
	EndGlobalSection
EndGlobal
